# This file was autogenerated by Stack.
# You should not edit this file by hand.
# For more information, please see the documentation at:
#   https://docs.haskellstack.org/en/stable/lock_files

packages:
- completed:
    hackage: flow-1.0.21@sha256:1e770aae39ecc94200d5b9fa7cbc142b2f0bf855596c375be3523bd6552a1095,1161
    pantry-tree:
      size: 281
      sha256: 17ba09bd7bb656f1610ba3b65016659b3a70f9656c8c1b24b50cda0836eecb77
  original:
    hackage: flow-1.0.21
- completed:
    hackage: primes-0.2.1.0@sha256:94885df2e13153e439ca9c6eb1893726776ca7022128fe860278294bad49d6a9,954
    pantry-tree:
      size: 356
      sha256: faa54f923b1b9bda5038f990841b3fee1948463770ad84bf16083378675c6331
  original:
    hackage: primes-0.2.1.0
snapshots: []
